
Microsoft Visual Studio Solution File, Format Version 12.00
# Visual Studio Version 17
VisualStudioVersion = 17.1.32210.238
MinimumVisualStudioVersion = 10.0.40219.1
Project("{FAE04EC0-301F-11D3-BF4B-00C04F79EFBC}") = "TextJuctification", "TextJuctification\TextJuctification.csproj", "{DE123665-78F7-43BF-9B11-85076CA7AFD9}"
EndProject
Project("{FAE04EC0-301F-11D3-BF4B-00C04F79EFBC}") = "Tests", "Tests\Tests.csproj", "{A85AF0B9-41BD-4439-9772-FC7D9FF7746D}"
	ProjectSection(ProjectDependencies) = postProject
		{DE123665-78F7-43BF-9B11-85076CA7AFD9} = {DE123665-78F7-43BF-9B11-85076CA7AFD9}
	EndProjectSection
EndProject
Global
	GlobalSection(SolutionConfigurationPlatforms) = preSolution
		Debug|Any CPU = Debug|Any CPU
		Release|Any CPU = Release|Any CPU
	EndGlobalSection
	GlobalSection(ProjectConfigurationPlatforms) = postSolution
		{DE123665-78F7-43BF-9B11-85076CA7AFD9}.Debug|Any CPU.ActiveCfg = Debug|Any CPU
		{DE123665-78F7-43BF-9B11-85076CA7AFD9}.Debug|Any CPU.Build.0 = Debug|Any CPU
		{DE123665-78F7-43BF-9B11-85076CA7AFD9}.Release|Any CPU.ActiveCfg = Release|Any CPU
		{DE123665-78F7-43BF-9B11-85076CA7AFD9}.Release|Any CPU.Build.0 = Release|Any CPU
		{A85AF0B9-41BD-4439-9772-FC7D9FF7746D}.Debug|Any CPU.ActiveCfg = Debug|Any CPU
		{A85AF0B9-41BD-4439-9772-FC7D9FF7746D}.Debug|Any CPU.Build.0 = Debug|Any CPU
		{A85AF0B9-41BD-4439-9772-FC7D9FF7746D}.Release|Any CPU.ActiveCfg = Release|Any CPU
		{A85AF0B9-41BD-4439-9772-FC7D9FF7746D}.Release|Any CPU.Build.0 = Release|Any CPU
	EndGlobalSection
	GlobalSection(SolutionProperties) = preSolution
		HideSolutionNode = FALSE
	EndGlobalSection
	GlobalSection(ExtensibilityGlobals) = postSolution
		SolutionGuid = {455DFF91-D38F-444B-8590-6DF897C5C11E}
	EndGlobalSection
EndGlobal
